
Microsoft Visual Studio Solution File, Format Version 12.00
# Visual Studio Version 17
VisualStudioVersion = 17.1.32328.378
MinimumVisualStudioVersion = 10.0.40219.1
Project("{FAE04EC0-301F-11D3-BF4B-00C04F79EFBC}") = "AISolutions_Assignment", "AISolutions_Assignment\AISolutions_Assignment.csproj", "{DCAB2EF1-1258-49A6-B91D-3D3F52EE9BF4}"
EndProject
Global
	GlobalSection(SolutionConfigurationPlatforms) = preSolution
		Debug|Any CPU = Debug|Any CPU
		Release|Any CPU = Release|Any CPU
	EndGlobalSection
	GlobalSection(ProjectConfigurationPlatforms) = postSolution
		{DCAB2EF1-1258-49A6-B91D-3D3F52EE9BF4}.Debug|Any CPU.ActiveCfg = Debug|Any CPU
		{DCAB2EF1-1258-49A6-B91D-3D3F52EE9BF4}.Debug|Any CPU.Build.0 = Debug|Any CPU
		{DCAB2EF1-1258-49A6-B91D-3D3F52EE9BF4}.Release|Any CPU.ActiveCfg = Release|Any CPU
		{DCAB2EF1-1258-49A6-B91D-3D3F52EE9BF4}.Release|Any CPU.Build.0 = Release|Any CPU
	EndGlobalSection
	GlobalSection(SolutionProperties) = preSolution
		HideSolutionNode = FALSE
	EndGlobalSection
	GlobalSection(ExtensibilityGlobals) = postSolution
		SolutionGuid = {A8EF7DC1-D011-4ADB-B376-5925029CD675}
	EndGlobalSection
EndGlobal
